
Microsoft Visual Studio Solution File, Format Version 12.00
# Visual Studio Version 17
VisualStudioVersion = 17.13.35919.96
MinimumVisualStudioVersion = 10.0.40219.1
Project("{FAE04EC0-301F-11D3-BF4B-00C04F79EFBC}") = "SkillShare.API", "SkillShare.API\SkillShare.API.csproj", "{C05C8E11-6972-45BE-AABC-C916B3C76267}"
EndProject
Project("{FAE04EC0-301F-11D3-BF4B-00C04F79EFBC}") = "SkillShare.Domain", "SkillShare.Domain\SkillShare.Domain.csproj", "{CFBCC5B1-8CC9-4EBB-8C7F-BF646D19BAFB}"
EndProject
Project("{FAE04EC0-301F-11D3-BF4B-00C04F79EFBC}") = "SkillShare.Application", "SkillShare.Application\SkillShare.Application.csproj", "{F1D5CEE5-E5CB-4C00-B0B3-1C0157F848A2}"
EndProject
Project("{FAE04EC0-301F-11D3-BF4B-00C04F79EFBC}") = "SkillShare.Infrastructure", "SkillShare.Infrastructure\SkillShare.Infrastructure.csproj", "{ACD6AD70-353C-48ED-A75C-B7E94FF5451B}"
EndProject
Global
	GlobalSection(SolutionConfigurationPlatforms) = preSolution
		Debug|Any CPU = Debug|Any CPU
		Release|Any CPU = Release|Any CPU
	EndGlobalSection
	GlobalSection(ProjectConfigurationPlatforms) = postSolution
		{C05C8E11-6972-45BE-AABC-C916B3C76267}.Debug|Any CPU.ActiveCfg = Debug|Any CPU
		{C05C8E11-6972-45BE-AABC-C916B3C76267}.Debug|Any CPU.Build.0 = Debug|Any CPU
		{C05C8E11-6972-45BE-AABC-C916B3C76267}.Release|Any CPU.ActiveCfg = Release|Any CPU
		{C05C8E11-6972-45BE-AABC-C916B3C76267}.Release|Any CPU.Build.0 = Release|Any CPU
		{CFBCC5B1-8CC9-4EBB-8C7F-BF646D19BAFB}.Debug|Any CPU.ActiveCfg = Debug|Any CPU
		{CFBCC5B1-8CC9-4EBB-8C7F-BF646D19BAFB}.Debug|Any CPU.Build.0 = Debug|Any CPU
		{CFBCC5B1-8CC9-4EBB-8C7F-BF646D19BAFB}.Release|Any CPU.ActiveCfg = Release|Any CPU
		{CFBCC5B1-8CC9-4EBB-8C7F-BF646D19BAFB}.Release|Any CPU.Build.0 = Release|Any CPU
		{F1D5CEE5-E5CB-4C00-B0B3-1C0157F848A2}.Debug|Any CPU.ActiveCfg = Debug|Any CPU
		{F1D5CEE5-E5CB-4C00-B0B3-1C0157F848A2}.Debug|Any CPU.Build.0 = Debug|Any CPU
		{F1D5CEE5-E5CB-4C00-B0B3-1C0157F848A2}.Release|Any CPU.ActiveCfg = Release|Any CPU
		{F1D5CEE5-E5CB-4C00-B0B3-1C0157F848A2}.Release|Any CPU.Build.0 = Release|Any CPU
		{ACD6AD70-353C-48ED-A75C-B7E94FF5451B}.Debug|Any CPU.ActiveCfg = Debug|Any CPU
		{ACD6AD70-353C-48ED-A75C-B7E94FF5451B}.Debug|Any CPU.Build.0 = Debug|Any CPU
		{ACD6AD70-353C-48ED-A75C-B7E94FF5451B}.Release|Any CPU.ActiveCfg = Release|Any CPU
		{ACD6AD70-353C-48ED-A75C-B7E94FF5451B}.Release|Any CPU.Build.0 = Release|Any CPU
	EndGlobalSection
	GlobalSection(SolutionProperties) = preSolution
		HideSolutionNode = FALSE
	EndGlobalSection
	GlobalSection(ExtensibilityGlobals) = postSolution
		SolutionGuid = {034380AB-0C43-4392-A0CE-F19D03B9BE9E}
	EndGlobalSection
EndGlobal
